{
    "name": "adventuremiles.net",
    "version": "1.0.0",
    "lockfileVersion": 3,
    "requires": true,
    "packages": {
        "": {
            "name": "adventuremiles.net",
            "version": "1.0.0",
            "dependencies": {
                "exifr": "^6.1.0"
            }
        },
        "node_modules/exifr": {
            "version": "6.1.0",
            "resolved": "https://registry.npmjs.org/exifr/-/exifr-6.1.0.tgz",
            "integrity": "sha512-fZPE1aHPH3LshQCBadtlpsWWGMTIAg/npz8Je1QqcVcFCz3ZC7QQWA9r4UnDiU7fw4eeVyP0qWJh4mYqCNEzxA=="
        }
    }
}
